
Microsoft Visual Studio Solution File, Format Version 12.00
# Visual Studio Version 17
VisualStudioVersion = 17.6.33829.357
MinimumVisualStudioVersion = 10.0.40219.1
Project("{2150E333-8FDC-42A3-9474-1A3956D46DE8}") = "src", "src", "{0CBBB238-01CB-4216-BBEB-14A9CE42D0D3}"
EndProject
Project("{2150E333-8FDC-42A3-9474-1A3956D46DE8}") = "01 - Api", "01 - Api", "{D4A79807-846C-48B8-89BB-C9A2B64B2C24}"
EndProject
Project("{9A19103F-16F7-4668-BE54-9A1E7A4F7556}") = "DesafioDev.Api", "src\01 -Api\DesafioDev.Api\DesafioDev.Api.csproj", "{DCAB6FB9-13AF-4674-B4F3-1622ABB708CB}"
EndProject
Project("{2150E333-8FDC-42A3-9474-1A3956D46DE8}") = "02 - Application", "02 - Application", "{A4AE4672-D969-427A-9AA3-FCB5996B3977}"
EndProject
Project("{9A19103F-16F7-4668-BE54-9A1E7A4F7556}") = "DesafioDev.Application", "src\02 - Application\DesafioDev.Application\DesafioDev.Application.csproj", "{596DB225-D891-4101-8CA2-A0FE9604055B}"
EndProject
Project("{2150E333-8FDC-42A3-9474-1A3956D46DE8}") = "03 - Domain", "03 - Domain", "{B9F86CD0-EE76-4C45-9E36-DC14265D24FA}"
EndProject
Project("{9A19103F-16F7-4668-BE54-9A1E7A4F7556}") = "DesafioDev.Domain", "src\03 - Domain\DesafioDev.Domain\DesafioDev.Domain.csproj", "{56B46EAB-4D1B-4E3A-9185-84A130AED129}"
EndProject
Project("{2150E333-8FDC-42A3-9474-1A3956D46DE8}") = "04 - Infra", "04 - Infra", "{3094448B-8B73-4C93-B679-6BA2F303660A}"
EndProject
Project("{9A19103F-16F7-4668-BE54-9A1E7A4F7556}") = "DesafioDev.Infra.Persistence", "src\04 - Infra\DesafioDev.Infra.Persistence\DesafioDev.Infra.Persistence.csproj", "{BCC22123-51F6-474D-8ECA-8DC5991931A8}"
EndProject
Project("{2150E333-8FDC-42A3-9474-1A3956D46DE8}") = "tests", "tests", "{737BB68C-5203-44CB-B2BB-EA755DCCBA3E}"
EndProject
Project("{FAE04EC0-301F-11D3-BF4B-00C04F79EFBC}") = "DesafioDev.Tests", "tests\DesafioDev.Tests\DesafioDev.Tests.csproj", "{6656A02E-83A7-46A8-8F52-527839E1CCDD}"
EndProject
Global
	GlobalSection(SolutionConfigurationPlatforms) = preSolution
		Debug|Any CPU = Debug|Any CPU
		Release|Any CPU = Release|Any CPU
	EndGlobalSection
	GlobalSection(ProjectConfigurationPlatforms) = postSolution
		{DCAB6FB9-13AF-4674-B4F3-1622ABB708CB}.Debug|Any CPU.ActiveCfg = Debug|Any CPU
		{DCAB6FB9-13AF-4674-B4F3-1622ABB708CB}.Debug|Any CPU.Build.0 = Debug|Any CPU
		{DCAB6FB9-13AF-4674-B4F3-1622ABB708CB}.Release|Any CPU.ActiveCfg = Release|Any CPU
		{DCAB6FB9-13AF-4674-B4F3-1622ABB708CB}.Release|Any CPU.Build.0 = Release|Any CPU
		{596DB225-D891-4101-8CA2-A0FE9604055B}.Debug|Any CPU.ActiveCfg = Debug|Any CPU
		{596DB225-D891-4101-8CA2-A0FE9604055B}.Debug|Any CPU.Build.0 = Debug|Any CPU
		{596DB225-D891-4101-8CA2-A0FE9604055B}.Release|Any CPU.ActiveCfg = Release|Any CPU
		{596DB225-D891-4101-8CA2-A0FE9604055B}.Release|Any CPU.Build.0 = Release|Any CPU
		{56B46EAB-4D1B-4E3A-9185-84A130AED129}.Debug|Any CPU.ActiveCfg = Debug|Any CPU
		{56B46EAB-4D1B-4E3A-9185-84A130AED129}.Debug|Any CPU.Build.0 = Debug|Any CPU
		{56B46EAB-4D1B-4E3A-9185-84A130AED129}.Release|Any CPU.ActiveCfg = Release|Any CPU
		{56B46EAB-4D1B-4E3A-9185-84A130AED129}.Release|Any CPU.Build.0 = Release|Any CPU
		{BCC22123-51F6-474D-8ECA-8DC5991931A8}.Debug|Any CPU.ActiveCfg = Debug|Any CPU
		{BCC22123-51F6-474D-8ECA-8DC5991931A8}.Debug|Any CPU.Build.0 = Debug|Any CPU
		{BCC22123-51F6-474D-8ECA-8DC5991931A8}.Release|Any CPU.ActiveCfg = Release|Any CPU
		{BCC22123-51F6-474D-8ECA-8DC5991931A8}.Release|Any CPU.Build.0 = Release|Any CPU
		{6656A02E-83A7-46A8-8F52-527839E1CCDD}.Debug|Any CPU.ActiveCfg = Debug|Any CPU
		{6656A02E-83A7-46A8-8F52-527839E1CCDD}.Debug|Any CPU.Build.0 = Debug|Any CPU
		{6656A02E-83A7-46A8-8F52-527839E1CCDD}.Release|Any CPU.ActiveCfg = Release|Any CPU
		{6656A02E-83A7-46A8-8F52-527839E1CCDD}.Release|Any CPU.Build.0 = Release|Any CPU
	EndGlobalSection
	GlobalSection(SolutionProperties) = preSolution
		HideSolutionNode = FALSE
	EndGlobalSection
	GlobalSection(NestedProjects) = preSolution
		{D4A79807-846C-48B8-89BB-C9A2B64B2C24} = {0CBBB238-01CB-4216-BBEB-14A9CE42D0D3}
		{DCAB6FB9-13AF-4674-B4F3-1622ABB708CB} = {D4A79807-846C-48B8-89BB-C9A2B64B2C24}
		{A4AE4672-D969-427A-9AA3-FCB5996B3977} = {0CBBB238-01CB-4216-BBEB-14A9CE42D0D3}
		{596DB225-D891-4101-8CA2-A0FE9604055B} = {A4AE4672-D969-427A-9AA3-FCB5996B3977}
		{B9F86CD0-EE76-4C45-9E36-DC14265D24FA} = {0CBBB238-01CB-4216-BBEB-14A9CE42D0D3}
		{56B46EAB-4D1B-4E3A-9185-84A130AED129} = {B9F86CD0-EE76-4C45-9E36-DC14265D24FA}
		{3094448B-8B73-4C93-B679-6BA2F303660A} = {0CBBB238-01CB-4216-BBEB-14A9CE42D0D3}
		{BCC22123-51F6-474D-8ECA-8DC5991931A8} = {3094448B-8B73-4C93-B679-6BA2F303660A}
		{6656A02E-83A7-46A8-8F52-527839E1CCDD} = {737BB68C-5203-44CB-B2BB-EA755DCCBA3E}
	EndGlobalSection
	GlobalSection(ExtensibilityGlobals) = postSolution
		SolutionGuid = {72CD8B05-7F09-43D7-BA72-B98AE2D63FEB}
	EndGlobalSection
EndGlobal
